{
  "name": "day7",
  "version": "1.0.0",
  "lockfileVersion": 1,
  "requires": true,
  "dependencies": {
    "all-the-cities": {
      "version": "3.0.0",
      "resolved": "https://registry.npmjs.org/all-the-cities/-/all-the-cities-3.0.0.tgz",
      "integrity": "sha512-7zrhtGy7jHxUP31u/lqc409hALYmiSrdDOnsRORbW29YgNN+Or26k5/AVj4pzC2gmNIoQD/PfJehxxsUh8DbPA==",
      "requires": {
        "pbf": "^3.2.1"
      }
    },
    "amonad": {
      "version": "0.8.5",
      "resolved": "https://registry.npmjs.org/amonad/-/amonad-0.8.5.tgz",
      "integrity": "sha512-hYpGf2bGIxUF+TaR/xt7k1FXi5roNA553xfTXZO07AMK4PXjAphIK0f9XjdSwNUHG0ZDzavOSB6RaF3KzTgtEg==",
      "requires": {
        "tslib": "^1.9.3"
      }
    },
    "distance-from": {
      "version": "1.1.1",
      "resolved": "https://registry.npmjs.org/distance-from/-/distance-from-1.1.1.tgz",
      "integrity": "sha512-dN3NiVcgyiUaIbwIssKPAGs8THgVFb78ExaWf+yFi6Vj4qIZzYpk3WEPHJFmuhWHeTKjCnEuNiY1f4U0UqAnBg==",
      "requires": {
        "amonad": "^0.8.2"
      }
    },
    "great-circle-distance": {
      "version": "1.0.2",
      "resolved": "https://registry.npmjs.org/great-circle-distance/-/great-circle-distance-1.0.2.tgz",
      "integrity": "sha512-Dh7v5I8n99nmVDdKTYpQjc67wCxYVogfGUh5Lyp6LAHig+M55wQttIOdv/U+FYjx279UmeGmuup/jNGnqLbXHA=="
    },
    "ieee754": {
      "version": "1.1.13",
      "resolved": "https://registry.npmjs.org/ieee754/-/ieee754-1.1.13.tgz",
      "integrity": "sha512-4vf7I2LYV/HaWerSo3XmlMkp5eZ83i+/CDluXi/IGTs/O1sejBNhTtnxzmRZfvOUqj7lZjqHkeTvpgSFDlWZTg=="
    },
    "lodash": {
      "version": "4.17.15",
      "resolved": "https://registry.npmjs.org/lodash/-/lodash-4.17.15.tgz",
      "integrity": "sha512-8xOcRHvCjnocdS5cpwXQXVzmmh5e5+saE2QGoeQmbKmRS6J3VQppPOIt0MnmE+4xlZoumy0GPG0D0MVIQbNA1A=="
    },
    "pbf": {
      "version": "3.2.1",
      "resolved": "https://registry.npmjs.org/pbf/-/pbf-3.2.1.tgz",
      "integrity": "sha512-ClrV7pNOn7rtmoQVF4TS1vyU0WhYRnP92fzbfF75jAIwpnzdJXf8iTd4CMEqO4yUenH6NDqLiwjqlh6QgZzgLQ==",
      "requires": {
        "ieee754": "^1.1.12",
        "resolve-protobuf-schema": "^2.1.0"
      }
    },
    "protocol-buffers-schema": {
      "version": "3.3.2",
      "resolved": "https://registry.npmjs.org/protocol-buffers-schema/-/protocol-buffers-schema-3.3.2.tgz",
      "integrity": "sha512-Xdayp8sB/mU+sUV4G7ws8xtYMGdQnxbeIfLjyO9TZZRJdztBGhlmbI5x1qcY4TG5hBkIKGnc28i7nXxaugu88w=="
    },
    "resolve-protobuf-schema": {
      "version": "2.1.0",
      "resolved": "https://registry.npmjs.org/resolve-protobuf-schema/-/resolve-protobuf-schema-2.1.0.tgz",
      "integrity": "sha512-kI5ffTiZWmJaS/huM8wZfEMer1eRd7oJQhDuxeCLe3t7N7mX3z94CN0xPxBQxFYQTSNz9T0i+v6inKqSdK8xrQ==",
      "requires": {
        "protocol-buffers-schema": "^3.3.1"
      }
    },
    "tslib": {
      "version": "1.10.0",
      "resolved": "https://registry.npmjs.org/tslib/-/tslib-1.10.0.tgz",
      "integrity": "sha512-qOebF53frne81cf0S9B41ByenJ3/IuH8yJKngAX35CmiZySA0khhkovshKK+jGCaMnVomla7gVlIcc3EvKPbTQ=="
    }
  }
}
